
Microsoft Visual Studio Solution File, Format Version 12.00
# Visual Studio 15
Project("{FAE04EC0-301F-11D3-BF4B-00C04F79EFBC}") = "BigProject", "BigProject.csproj", "{E00155B6-8AA0-453A-98C4-39153F1927CB}"
EndProject
Global
	GlobalSection(SolutionConfigurationPlatforms) = preSolution
		Debug|Any CPU = Debug|Any CPU
		Release|Any CPU = Release|Any CPU
	EndGlobalSection
	GlobalSection(ProjectConfigurationPlatforms) = postSolution
		{E00155B6-8AA0-453A-98C4-39153F1927CB}.Debug|Any CPU.ActiveCfg = Debug|Any CPU
		{E00155B6-8AA0-453A-98C4-39153F1927CB}.Debug|Any CPU.Build.0 = Debug|Any CPU
		{E00155B6-8AA0-453A-98C4-39153F1927CB}.Release|Any CPU.ActiveCfg = Release|Any CPU
		{E00155B6-8AA0-453A-98C4-39153F1927CB}.Release|Any CPU.Build.0 = Release|Any CPU
	EndGlobalSection
EndGlobal
